
Microsoft Visual Studio Solution File, Format Version 12.00
# Visual Studio Version 16
VisualStudioVersion = 16.0.29709.97
MinimumVisualStudioVersion = 10.0.40219.1
Project("{FAE04EC0-301F-11D3-BF4B-00C04F79EFBC}") = "WindowsFormsApp1", "WindowsFormsApp1\WindowsFormsApp1.csproj", "{F90609D0-7A47-459B-AA05-70714C11CF4A}"
EndProject
Global
	GlobalSection(SolutionConfigurationPlatforms) = preSolution
		Debug|Any CPU = Debug|Any CPU
		Release|Any CPU = Release|Any CPU
	EndGlobalSection
	GlobalSection(ProjectConfigurationPlatforms) = postSolution
		{F90609D0-7A47-459B-AA05-70714C11CF4A}.Debug|Any CPU.ActiveCfg = Debug|Any CPU
		{F90609D0-7A47-459B-AA05-70714C11CF4A}.Debug|Any CPU.Build.0 = Debug|Any CPU
		{F90609D0-7A47-459B-AA05-70714C11CF4A}.Release|Any CPU.ActiveCfg = Release|Any CPU
		{F90609D0-7A47-459B-AA05-70714C11CF4A}.Release|Any CPU.Build.0 = Release|Any CPU
	EndGlobalSection
	GlobalSection(SolutionProperties) = preSolution
		HideSolutionNode = FALSE
	EndGlobalSection
	GlobalSection(ExtensibilityGlobals) = postSolution
		SolutionGuid = {47D57FF9-E784-485F-BD47-30B8A2556EC4}
	EndGlobalSection
EndGlobal
